
Microsoft Visual Studio Solution File, Format Version 12.00
# Visual Studio Version 17
VisualStudioVersion = 17.7.34031.279
MinimumVisualStudioVersion = 10.0.40219.1
Project("{FAE04EC0-301F-11D3-BF4B-00C04F79EFBC}") = "HarrysPizza", "HarrysPizza.csproj", "{843A2F47-8C59-42AD-8B7F-85FE1061FD66}"
EndProject
Global
	GlobalSection(SolutionConfigurationPlatforms) = preSolution
		Debug|Any CPU = Debug|Any CPU
		Release|Any CPU = Release|Any CPU
	EndGlobalSection
	GlobalSection(ProjectConfigurationPlatforms) = postSolution
		{843A2F47-8C59-42AD-8B7F-85FE1061FD66}.Debug|Any CPU.ActiveCfg = Debug|Any CPU
		{843A2F47-8C59-42AD-8B7F-85FE1061FD66}.Debug|Any CPU.Build.0 = Debug|Any CPU
		{843A2F47-8C59-42AD-8B7F-85FE1061FD66}.Release|Any CPU.ActiveCfg = Release|Any CPU
		{843A2F47-8C59-42AD-8B7F-85FE1061FD66}.Release|Any CPU.Build.0 = Release|Any CPU
	EndGlobalSection
	GlobalSection(SolutionProperties) = preSolution
		HideSolutionNode = FALSE
	EndGlobalSection
	GlobalSection(ExtensibilityGlobals) = postSolution
		SolutionGuid = {965BBF5B-75D4-431F-9D04-5D6AC19D295A}
	EndGlobalSection
EndGlobal
